
Microsoft Visual Studio Solution File, Format Version 12.00
# Visual Studio Version 17
VisualStudioVersion = 17.2.32516.85
MinimumVisualStudioVersion = 10.0.40219.1
Project("{FAE04EC0-301F-11D3-BF4B-00C04F79EFBC}") = "AspNetAPI", "AspNetAPI\AspNetAPI.csproj", "{D422E962-2D4D-4253-B630-5D4A4A143DC2}"
EndProject
Global
	GlobalSection(SolutionConfigurationPlatforms) = preSolution
		Debug|Any CPU = Debug|Any CPU
		Release|Any CPU = Release|Any CPU
	EndGlobalSection
	GlobalSection(ProjectConfigurationPlatforms) = postSolution
		{D422E962-2D4D-4253-B630-5D4A4A143DC2}.Debug|Any CPU.ActiveCfg = Debug|Any CPU
		{D422E962-2D4D-4253-B630-5D4A4A143DC2}.Debug|Any CPU.Build.0 = Debug|Any CPU
		{D422E962-2D4D-4253-B630-5D4A4A143DC2}.Release|Any CPU.ActiveCfg = Release|Any CPU
		{D422E962-2D4D-4253-B630-5D4A4A143DC2}.Release|Any CPU.Build.0 = Release|Any CPU
	EndGlobalSection
	GlobalSection(SolutionProperties) = preSolution
		HideSolutionNode = FALSE
	EndGlobalSection
	GlobalSection(ExtensibilityGlobals) = postSolution
		SolutionGuid = {D5DBDF40-AD59-4D04-A514-DE4850082202}
	EndGlobalSection
EndGlobal
